<?xml version="1.0" encoding="utf-8"?>
<Project ToolsVersion="4.0" xmlns="http://schemas.microsoft.com/developer/msbuild/2003">
  <ItemGroup>
    <None Include="ReadMe.txt" />
  </ItemGroup>
  <ItemGroup>
    <Filter Include="Source Files">
      <UniqueIdentifier>{6c45f8fb-d770-4f7d-b3c8-da1caae30faa}</UniqueIdentifier>
    </Filter>
    <Filter Include="Resource Files">
      <UniqueIdentifier>{20bcb72d-7769-48b8-ab13-db35047ab7b4}</UniqueIdentifier>
    </Filter>
    <Filter Include="Header Files">
      <UniqueIdentifier>{7202bdcb-f5fd-45ba-a360-d78d8317aa29}</UniqueIdentifier>
    </Filter>
  </ItemGroup>
  <ItemGroup>
    <ClCompile Include="GLTexture.cpp">
      <Filter>Source Files</Filter>
    </ClCompile>
    <ClCompile Include="Model_3DS.cpp">
      <Filter>Source Files</Filter>
    </ClCompile>
    <ClCompile Include="OpenGLMeshLoader.cpp">
      <Filter>Source Files</Filter>
    </ClCompile>
    <ClCompile Include="prefix_Entity.cpp" />
    <ClCompile Include="prefix_Vector.cpp" />
    <ClCompile Include="prefix_Player.cpp" />
    <ClCompile Include="prefix_Camera.cpp" />
    <ClCompile Include="prefix_L1.cpp" />
    <ClCompile Include="prefix_Collectable.cpp" />
    <ClCompile Include="prefix_Physics.cpp" />
    <ClCompile Include="prefix_L2.cpp" />
  </ItemGroup>
  <ItemGroup>
    <ClInclude Include="GLTexture.h">
      <Filter>Header Files</Filter>
    </ClInclude>
    <ClInclude Include="Model_3DS.h">
      <Filter>Header Files</Filter>
    </ClInclude>
    <ClInclude Include="prefix_Entity.h" />
    <ClInclude Include="prefix_Vector.h" />
    <ClInclude Include="prefix_Player.h" />
    <ClInclude Include="prefix_Camera.h" />
    <ClInclude Include="prefix_L1.h" />
    <ClInclude Include="prefix_Collectable.h" />
    <ClInclude Include="prefix_Physics.h" />
    <ClInclude Include="prefix_L2.h" />
  </ItemGroup>
</Project>